
Microsoft Visual Studio Solution File, Format Version 12.00
# Visual Studio 15
VisualStudioVersion = 15.0.28307.489
MinimumVisualStudioVersion = 10.0.40219.1
Project("{9A19103F-16F7-4668-BE54-9A1E7A4F7556}") = "StsServerIdentity", "SecurityServer\StsServerIdentity.csproj", "{0354CC15-27B7-4A0D-B50B-7142C27D9406}"
EndProject
Global
	GlobalSection(SolutionConfigurationPlatforms) = preSolution
		Debug|Any CPU = Debug|Any CPU
		Release|Any CPU = Release|Any CPU
	EndGlobalSection
	GlobalSection(ProjectConfigurationPlatforms) = postSolution
		{0354CC15-27B7-4A0D-B50B-7142C27D9406}.Debug|Any CPU.ActiveCfg = Debug|Any CPU
		{0354CC15-27B7-4A0D-B50B-7142C27D9406}.Debug|Any CPU.Build.0 = Debug|Any CPU
		{0354CC15-27B7-4A0D-B50B-7142C27D9406}.Release|Any CPU.ActiveCfg = Release|Any CPU
		{0354CC15-27B7-4A0D-B50B-7142C27D9406}.Release|Any CPU.Build.0 = Release|Any CPU
	EndGlobalSection
	GlobalSection(SolutionProperties) = preSolution
		HideSolutionNode = FALSE
	EndGlobalSection
	GlobalSection(ExtensibilityGlobals) = postSolution
		SolutionGuid = {A54FE00C-09E7-4FC7-90CD-7271062D62A5}
	EndGlobalSection
EndGlobal
